PODS:
  - ASIHTTPRequest (1.8.2):
    - ASIHTTPRequest/ASIWebPageRequest
    - ASIHTTPRequest/CloudFiles
    - ASIHTTPRequest/Core
    - ASIHTTPRequest/S3
  - ASIHTTPRequest/ASIWebPageRequest (1.8.2):
    - ASIHTTPRequest/Core
  - ASIHTTPRequest/CloudFiles (1.8.2):
    - ASIHTTPRequest/Core
  - ASIHTTPRequest/Core (1.8.2):
    - Reachability
  - ASIHTTPRequest/S3 (1.8.2):
    - ASIHTTPRequest/Core
  - FMDB (2.3):
    - FMDB/standard
  - FMDB/common (2.3)
  - FMDB/standard (2.3):
    - FMDB/common
  - iCarousel (1.7.6)
  - JSONKit (1.5pre)
  - MZAppearance (1.1.3)
  - MZFormSheetController (2.3.4):
    - MZAppearance (~> 1.1.3)
  - NZLabel (0.0.1)
  - PopoverView (0.0.2)
  - Reachability (3.1.1)
  - SDWebImage (3.6):
    - SDWebImage/Core
  - SDWebImage/Core (3.6)
  - SIAlertView (1.3)
  - SVProgressHUD (1.0)
  - SZTextView (1.1.1)
  - UIColor-Utilities (1.0.1)
  - ZYQAssetPickerController (1.0.0)

DEPENDENCIES:
  - ASIHTTPRequest
  - FMDB
  - iCarousel
  - JSONKit
  - MZFormSheetController
  - NZLabel
  - PopoverView
  - SDWebImage
  - SIAlertView
  - SVProgressHUD
  - SZTextView
  - UIColor-Utilities
  - ZYQAssetPickerController

SPEC CHECKSUMS:
  ASIHTTPRequest: 2c8335b49410c0e2ad42829c438e74d454b77590
  FMDB: 31ec26773c7f7b7890a6038235a1f2bbd933a7cb
  iCarousel: c35a4e26b3c657847e523012b593e70ddbd84992
  JSONKit: efef3bbd3372ff33f96b9c6f34cf4fe18e74ab69
  MZAppearance: c88502c0c2345120630c34e09d5ff09e2969ba30
  MZFormSheetController: 8c453908080c338274e68908849029435d3e2736
  NZLabel: 192ea544d645098e96abe5fbf35d6a536f396901
  PopoverView: d1076b527c1b0c3dd1e61436f999eda09b300004
  Reachability: 8e9635e3cb4f98e7f825e51147f677ecc694d0e7
  SDWebImage: c6989652c1cdf27cbdf3f56957e2030f825af5bc
  SIAlertView: d00609a1faa9d82f17b9f0b4eede64e84a577b10
  SVProgressHUD: 5034c6e22b8c2ca3e09402e48d41ed0340aa1c50
  SZTextView: 28d06dc4c19e1372a174ec48fba2324d6796b1d6
  UIColor-Utilities: 3f13aebe447f5e19c8d3aa18c194c53116b23537
  ZYQAssetPickerController: caeaec5b3c6692e86a7e5b400d3f99e657b59c5f

COCOAPODS: 0.32.1
